# This file is automatically @generated by Cargo.
# It is not intended for manual editing.
version = 3

[[package]]
name = "anyhow"
version = "1.0.66"
source = "registry+https://github.com/rust-lang/crates.io-index"
checksum = "216261ddc8289130e551ddcd5ce8a064710c0d064a4d2895c67151c92b5443f6"

[[package]]
name = "hermit-abi"
version = "0.1.19"
source = "registry+https://github.com/rust-lang/crates.io-index"
checksum = "62b467343b94ba476dcb2500d242dadbb39557df889310ac77c5d99100aaac33"
dependencies = [
 "libc",
]

[[package]]
name = "hostname"
version = "0.3.1"
source = "registry+https://github.com/rust-lang/crates.io-index"
checksum = "3c731c3e10504cc8ed35cfe2f1db4c9274c3d35fa486e3b31df46f068ef3e867"
dependencies = [
 "libc",
 "match_cfg",
 "winapi",
]

[[package]]
name = "libc"
version = "0.2.138"
source = "registry+https://github.com/rust-lang/crates.io-index"
checksum = "db6d7e329c562c5dfab7a46a2afabc8b987ab9a4834c9d1ca04dc54c1546cef8"

[[package]]
name = "match_cfg"
version = "0.1.0"
source = "registry+https://github.com/rust-lang/crates.io-index"
checksum = "ffbee8634e0d45d258acb448e7eaab3fce7a0a467395d4d9f228e3c1f01fb2e4"

[[package]]
name = "mpigdb"
version = "0.3.0"
dependencies = [
 "anyhow",
 "hostname",
 "num_cpus",
]

[[package]]
name = "num_cpus"
version = "1.14.0"
source = "registry+https://github.com/rust-lang/crates.io-index"
checksum = "f6058e64324c71e02bc2b150e4f3bc8286db6c83092132ffa3f6b1eab0f9def5"
dependencies = [
 "hermit-abi",
 "libc",
]

[[package]]
name = "winapi"
version = "0.3.9"
source = "registry+https://github.com/rust-lang/crates.io-index"
checksum = "5c839a674fcd7a98952e593242ea400abe93992746761e38641405d28b00f419"
dependencies = [
 "winapi-i686-pc-windows-gnu",
 "winapi-x86_64-pc-windows-gnu",
]

[[package]]
name = "winapi-i686-pc-windows-gnu"
version = "0.4.0"
source = "registry+https://github.com/rust-lang/crates.io-index"
checksum = "ac3b87c63620426dd9b991e5ce0329eff545bccbbb34f3be09ff6fb6ab51b7b6"

[[package]]
name = "winapi-x86_64-pc-windows-gnu"
version = "0.4.0"
source = "registry+https://github.com/rust-lang/crates.io-index"
checksum = "712e227841d057c1ee1cd2fb22fa7e5a5461ae8e48fa2ca79ec42cfc1931183f"
